
Microsoft Visual Studio Solution File, Format Version 12.00
# Visual Studio Version 17
VisualStudioVersion = 17.2.32630.192
MinimumVisualStudioVersion = 10.0.40219.1
Project("{FAE04EC0-301F-11D3-BF4B-00C04F79EFBC}") = "Visualizador_Imagens", "Visualizador_Imagens\Visualizador_Imagens.csproj", "{5CF1DC9D-AD73-4470-BB4E-BA8A6E7CAE07}"
EndProject
Global
	GlobalSection(SolutionConfigurationPlatforms) = preSolution
		Debug|Any CPU = Debug|Any CPU
		Release|Any CPU = Release|Any CPU
	EndGlobalSection
	GlobalSection(ProjectConfigurationPlatforms) = postSolution
		{5CF1DC9D-AD73-4470-BB4E-BA8A6E7CAE07}.Debug|Any CPU.ActiveCfg = Debug|Any CPU
		{5CF1DC9D-AD73-4470-BB4E-BA8A6E7CAE07}.Debug|Any CPU.Build.0 = Debug|Any CPU
		{5CF1DC9D-AD73-4470-BB4E-BA8A6E7CAE07}.Release|Any CPU.ActiveCfg = Release|Any CPU
		{5CF1DC9D-AD73-4470-BB4E-BA8A6E7CAE07}.Release|Any CPU.Build.0 = Release|Any CPU
	EndGlobalSection
	GlobalSection(SolutionProperties) = preSolution
		HideSolutionNode = FALSE
	EndGlobalSection
	GlobalSection(ExtensibilityGlobals) = postSolution
		SolutionGuid = {55BF3C20-DDB8-4D09-A437-20A17C475D40}
	EndGlobalSection
EndGlobal
